
Microsoft Visual Studio Solution File, Format Version 12.00
# Visual Studio 15
VisualStudioVersion = 15.0.26730.16
MinimumVisualStudioVersion = 10.0.40219.1
Project("{FAE04EC0-301F-11D3-BF4B-00C04F79EFBC}") = "Test", "Test\Test.csproj", "{D7380E03-9646-4F8C-81F8-CC33C71942E2}"
EndProject
Global
	GlobalSection(SolutionConfigurationPlatforms) = preSolution
		Debug|Any CPU = Debug|Any CPU
		Release|Any CPU = Release|Any CPU
	EndGlobalSection
	GlobalSection(ProjectConfigurationPlatforms) = postSolution
		{D7380E03-9646-4F8C-81F8-CC33C71942E2}.Debug|Any CPU.ActiveCfg = Debug|Any CPU
		{D7380E03-9646-4F8C-81F8-CC33C71942E2}.Debug|Any CPU.Build.0 = Debug|Any CPU
		{D7380E03-9646-4F8C-81F8-CC33C71942E2}.Release|Any CPU.ActiveCfg = Release|Any CPU
		{D7380E03-9646-4F8C-81F8-CC33C71942E2}.Release|Any CPU.Build.0 = Release|Any CPU
	EndGlobalSection
	GlobalSection(SolutionProperties) = preSolution
		HideSolutionNode = FALSE
	EndGlobalSection
	GlobalSection(ExtensibilityGlobals) = postSolution
		SolutionGuid = {8C1C90A6-0D56-4D04-BE2D-96691192FED9}
	EndGlobalSection
EndGlobal
